
Microsoft Visual Studio Solution File, Format Version 12.00
# Visual Studio Version 17
VisualStudioVersion = 17.10.35027.167
MinimumVisualStudioVersion = 10.0.40219.1
Project("{8BC9CEB8-8B4A-11D0-8D11-00A0C91BC942}") = "Practica_10_Mas_condicionales", "Practica_10_Mas_condicionales\Practica_10_Mas_condicionales.vcxproj", "{4BED381D-5B44-4589-9469-A2BB745767DB}"
EndProject
Global
	GlobalSection(SolutionConfigurationPlatforms) = preSolution
		Debug|x64 = Debug|x64
		Debug|x86 = Debug|x86
		Release|x64 = Release|x64
		Release|x86 = Release|x86
	EndGlobalSection
	GlobalSection(ProjectConfigurationPlatforms) = postSolution
		{4BED381D-5B44-4589-9469-A2BB745767DB}.Debug|x64.ActiveCfg = Debug|x64
		{4BED381D-5B44-4589-9469-A2BB745767DB}.Debug|x64.Build.0 = Debug|x64
		{4BED381D-5B44-4589-9469-A2BB745767DB}.Debug|x86.ActiveCfg = Debug|Win32
		{4BED381D-5B44-4589-9469-A2BB745767DB}.Debug|x86.Build.0 = Debug|Win32
		{4BED381D-5B44-4589-9469-A2BB745767DB}.Release|x64.ActiveCfg = Release|x64
		{4BED381D-5B44-4589-9469-A2BB745767DB}.Release|x64.Build.0 = Release|x64
		{4BED381D-5B44-4589-9469-A2BB745767DB}.Release|x86.ActiveCfg = Release|Win32
		{4BED381D-5B44-4589-9469-A2BB745767DB}.Release|x86.Build.0 = Release|Win32
	EndGlobalSection
	GlobalSection(SolutionProperties) = preSolution
		HideSolutionNode = FALSE
	EndGlobalSection
	GlobalSection(ExtensibilityGlobals) = postSolution
		SolutionGuid = {A8501C14-8067-4A71-B79F-49C11BA0B4B7}
	EndGlobalSection
EndGlobal
